<?xml version="1.0" encoding="utf-8"?>
<Project ToolsVersion="4.0" xmlns="http://schemas.microsoft.com/developer/msbuild/2003">
  <ItemGroup>
    <Filter Include="Source Files">
      <UniqueIdentifier>{4FC737F1-C7A5-4376-A066-2A32D752A2FF}</UniqueIdentifier>
      <Extensions>cpp;c;cc;cxx;c++;cppm;ixx;def;odl;idl;hpj;bat;asm;asmx</Extensions>
    </Filter>
    <Filter Include="Header Files">
      <UniqueIdentifier>{93995380-89BD-4b04-88EB-625FBE52EBFB}</UniqueIdentifier>
      <Extensions>h;hh;hpp;hxx;h++;hm;inl;inc;ipp;xsd</Extensions>
    </Filter>
    <Filter Include="Resource Files">
      <UniqueIdentifier>{67DA6AB6-F800-4c08-8B7A-83BB121AAD01}</UniqueIdentifier>
      <Extensions>rc;ico;cur;bmp;dlg;rc2;rct;bin;rgs;gif;jpg;jpeg;jpe;resx;tiff;tif;png;wav;mfcribbon-ms</Extensions>
    </Filter>
    <Filter Include="Source Files\S1">
      <UniqueIdentifier>{ce367c37-6c47-4557-b8d9-f33c2479687c}</UniqueIdentifier>
    </Filter>
    <Filter Include="Source Files\S4">
      <UniqueIdentifier>{097bf3fe-da44-49a1-aa84-51c5d63ccbe2}</UniqueIdentifier>
    </Filter>
    <Filter Include="Source Files\S2">
      <UniqueIdentifier>{fe4b921c-6ce1-49c6-9fa0-3119e8a84434}</UniqueIdentifier>
    </Filter>
    <Filter Include="Source Files\O1">
      <UniqueIdentifier>{bced5f9d-f620-4b25-9ced-e9fdfa1b9e5e}</UniqueIdentifier>
    </Filter>
    <Filter Include="Source Files\S6">
      <UniqueIdentifier>{a03b7164-680d-42d7-99ed-3ad31f484518}</UniqueIdentifier>
    </Filter>
    <Filter Include="Source Files\S6\S6_Quiz_Exercises">
      <UniqueIdentifier>{495eaedc-22e1-4ff1-9104-155d68555ba3}</UniqueIdentifier>
    </Filter>
    <Filter Include="Source Files\S7">
      <UniqueIdentifier>{e89b0e86-9f01-455c-a1ee-89f04e484b7f}</UniqueIdentifier>
    </Filter>
    <Filter Include="Source Files\S7\S7_Quiz_Exercises">
      <UniqueIdentifier>{1688be86-d17d-43fe-8129-ffb5773ffb01}</UniqueIdentifier>
    </Filter>
    <Filter Include="Source Files\S8">
      <UniqueIdentifier>{6bf20927-705f-4d8f-8bfa-b0062c3f6127}</UniqueIdentifier>
    </Filter>
    <Filter Include="Source Files\S8\S8_Quiz_Exercises">
      <UniqueIdentifier>{21ca598d-a189-4a8d-a0e2-2cf3373a56d8}</UniqueIdentifier>
    </Filter>
    <Filter Include="Source Files\S9">
      <UniqueIdentifier>{169ecf96-21d7-47ef-bfbf-d3950f7c2a74}</UniqueIdentifier>
    </Filter>
    <Filter Include="Source Files\S10">
      <UniqueIdentifier>{759fe1a9-798c-4065-b59b-2c7a5654e45e}</UniqueIdentifier>
    </Filter>
    <Filter Include="Source Files\S11">
      <UniqueIdentifier>{39795d71-4935-439c-b601-a86bd241731a}</UniqueIdentifier>
    </Filter>
    <Filter Include="Source Files\S11\s_11_4_array_sorting">
      <UniqueIdentifier>{66b783e2-33cd-45e6-b956-e1a85169d6b1}</UniqueIdentifier>
    </Filter>
    <Filter Include="Source Files\S11\s_11_7_string_view">
      <UniqueIdentifier>{4ce58494-886b-4918-8925-5f196b57c8c3}</UniqueIdentifier>
    </Filter>
    <Filter Include="Source Files\S11\s_11_9_pointer_arithmetic">
      <UniqueIdentifier>{95f1bcab-0f51-43ce-93dc-652a96754af2}</UniqueIdentifier>
    </Filter>
  </ItemGroup>
  <ItemGroup>
    <ClCompile Include="basics.cpp">
      <Filter>Source Files\S1</Filter>
    </ClCompile>
    <ClCompile Include="bool.cpp">
      <Filter>Source Files\S4</Filter>
    </ClCompile>
    <ClCompile Include="floats.cpp">
      <Filter>Source Files\S4</Filter>
    </ClCompile>
    <ClCompile Include="constants.cpp">
      <Filter>Source Files\S4</Filter>
    </ClCompile>
    <ClCompile Include="literals.cpp">
      <Filter>Source Files\S4</Filter>
    </ClCompile>
    <ClCompile Include="functions.cpp">
      <Filter>Source Files\S2</Filter>
    </ClCompile>
    <ClCompile Include="header_guards.cpp">
      <Filter>Source Files\S2</Filter>
    </ClCompile>
    <ClCompile Include="headers.cpp">
      <Filter>Source Files\S2</Filter>
    </ClCompile>
    <ClCompile Include="integral_types.cpp">
      <Filter>Source Files\S4</Filter>
    </ClCompile>
    <ClCompile Include="multiply_by_2.cpp">
      <Filter>Source Files\S1</Filter>
    </ClCompile>
    <ClCompile Include="preprocessor_directives.cpp">
      <Filter>Source Files\S2</Filter>
    </ClCompile>
    <ClCompile Include="strings.cpp">
      <Filter>Source Files\S4</Filter>
    </ClCompile>
    <ClCompile Include="forward_declarations.cpp">
      <Filter>Source Files\S2</Filter>
    </ClCompile>
    <ClCompile Include="type_conversion.cpp">
      <Filter>Source Files\S4</Filter>
    </ClCompile>
    <ClCompile Include="types.cpp">
      <Filter>Source Files\S4</Filter>
    </ClCompile>
    <ClCompile Include="bit_manipulation.cpp">
      <Filter>Source Files\O1</Filter>
    </ClCompile>
    <ClCompile Include="bit_manipulation_practice.cpp">
      <Filter>Source Files\O1</Filter>
    </ClCompile>
    <ClCompile Include="bit_wise_operators.cpp">
      <Filter>Source Files\O1</Filter>
    </ClCompile>
    <ClCompile Include="bitmask_practice.cpp">
      <Filter>Source Files\O1</Filter>
    </ClCompile>
    <ClCompile Include="bitmasks.cpp">
      <Filter>Source Files\O1</Filter>
    </ClCompile>
    <ClCompile Include="namespaces_and_scope.cpp">
      <Filter>Source Files\S6</Filter>
    </ClCompile>
    <ClCompile Include="local_variables.cpp">
      <Filter>Source Files\S6</Filter>
    </ClCompile>
    <ClCompile Include="global_variables.cpp">
      <Filter>Source Files\S6</Filter>
    </ClCompile>
    <ClCompile Include="variable_shadowing.cpp">
      <Filter>Source Files\S6</Filter>
    </ClCompile>
    <ClCompile Include="internal_linkage.cpp">
      <Filter>Source Files\S6</Filter>
    </ClCompile>
    <ClCompile Include="external_linkage.cpp">
      <Filter>Source Files\S6</Filter>
    </ClCompile>
    <ClCompile Include="non_const_globals_are_bad.cpp">
      <Filter>Source Files\S6</Filter>
    </ClCompile>
    <ClCompile Include="inline_variables.cpp">
      <Filter>Source Files\S6</Filter>
    </ClCompile>
    <ClCompile Include="static_local_variables.cpp">
      <Filter>Source Files\S6</Filter>
    </ClCompile>
    <ClCompile Include="scope_duration_linkage_summary.cpp">
      <Filter>Source Files\S6</Filter>
    </ClCompile>
    <ClCompile Include="inline_functions.cpp">
      <Filter>Source Files\S6</Filter>
    </ClCompile>
    <ClCompile Include="constexpr_consteval_functions.cpp">
      <Filter>Source Files\S6</Filter>
    </ClCompile>
    <ClCompile Include="s6_quiz_one.cpp">
      <Filter>Source Files\S6\S6_Quiz_Exercises</Filter>
    </ClCompile>
    <ClCompile Include="s6_quiz_two.cpp">
      <Filter>Source Files\S6\S6_Quiz_Exercises</Filter>
    </ClCompile>
    <ClCompile Include="s6_quiz_three.cpp">
      <Filter>Source Files\S6\S6_Quiz_Exercises</Filter>
    </ClCompile>
    <ClCompile Include="stdcin_and_handling_invalid_input.cpp">
      <Filter>Source Files\S7</Filter>
    </ClCompile>
    <ClCompile Include="prng.cpp">
      <Filter>Source Files\S7</Filter>
    </ClCompile>
    <ClCompile Include="s7_quiz_one.cpp">
      <Filter>Source Files\S7\S7_Quiz_Exercises</Filter>
    </ClCompile>
    <ClCompile Include="s7_quiz_two.cpp">
      <Filter>Source Files\S7\S7_Quiz_Exercises</Filter>
    </ClCompile>
    <ClCompile Include="s7_quiz_three.cpp">
      <Filter>Source Files\S7\S7_Quiz_Exercises</Filter>
    </ClCompile>
    <ClCompile Include="function_templates.cpp">
      <Filter>Source Files\S8</Filter>
    </ClCompile>
    <ClCompile Include="s8_quiz_one.cpp">
      <Filter>Source Files\S8\S8_Quiz_Exercises</Filter>
    </ClCompile>
    <ClCompile Include="s8_quiz_two.cpp">
      <Filter>Source Files\S8\S8_Quiz_Exercises</Filter>
    </ClCompile>
    <ClCompile Include="s8_quiz_three.cpp">
      <Filter>Source Files\S8\S8_Quiz_Exercises</Filter>
    </ClCompile>
    <ClCompile Include="s8_quiz_four.cpp">
      <Filter>Source Files\S8\S8_Quiz_Exercises</Filter>
    </ClCompile>
    <ClCompile Include="s8_quiz_five.cpp">
      <Filter>Source Files\S8\S8_Quiz_Exercises</Filter>
    </ClCompile>
    <ClCompile Include="s9_quiz.cpp">
      <Filter>Source Files\S9</Filter>
    </ClCompile>
    <ClCompile Include="s_10_2_unscoped_enumerations.cpp">
      <Filter>Source Files\S10</Filter>
    </ClCompile>
    <ClCompile Include="s_10_3_unscoped_enumerations_io.cpp">
      <Filter>Source Files\S10</Filter>
    </ClCompile>
    <ClCompile Include="s_10_4_scoped_enumerations_quiz.cpp">
      <Filter>Source Files\S10</Filter>
    </ClCompile>
    <ClCompile Include="s_10_8_structs_quiz.cpp">
      <Filter>Source Files\S10</Filter>
    </ClCompile>
    <ClCompile Include="s_10_10_class_templates_1.cpp">
      <Filter>Source Files\S10</Filter>
    </ClCompile>
    <ClCompile Include="s_10_final_quiz.cpp">
      <Filter>Source Files\S10</Filter>
    </ClCompile>
    <ClCompile Include="s11_2_quiz.cpp">
      <Filter>Source Files\S11</Filter>
    </ClCompile>
    <ClCompile Include="s_11_3_quiz.cpp">
      <Filter>Source Files\S11</Filter>
    </ClCompile>
    <ClCompile Include="s_11_4_array_sorting.cpp">
      <Filter>Source Files\S11\s_11_4_array_sorting</Filter>
    </ClCompile>
    <ClCompile Include="s_11_4_std_sort.cpp">
      <Filter>Source Files\S11\s_11_4_array_sorting</Filter>
    </ClCompile>
    <ClCompile Include="s_11_4_array_sorting_quiz_q1.cpp">
      <Filter>Source Files\S11\s_11_4_array_sorting</Filter>
    </ClCompile>
    <ClCompile Include="s_11_4_array_sorting_quiz_q2.cpp">
      <Filter>Source Files\S11\s_11_4_array_sorting</Filter>
    </ClCompile>
    <ClCompile Include="s_11_4_array_sorting_quiz_q3.cpp">
      <Filter>Source Files\S11\s_11_4_array_sorting</Filter>
    </ClCompile>
    <ClCompile Include="s_11_4_array_sorting_quiz_q4.cpp">
      <Filter>Source Files\S11\s_11_4_array_sorting</Filter>
    </ClCompile>
    <ClCompile Include="s_11_7_string_view_ex_1.cpp">
      <Filter>Source Files\S11\s_11_7_string_view</Filter>
    </ClCompile>
    <ClCompile Include="s_11_7_string_view_ex_2.cpp">
      <Filter>Source Files\S11\s_11_7_string_view</Filter>
    </ClCompile>
    <ClCompile Include="s_11_7_string_view_ex_3.cpp">
      <Filter>Source Files\S11\s_11_7_string_view</Filter>
    </ClCompile>
    <ClCompile Include="s11_7_string_view_ex_4.cpp">
      <Filter>Source Files\S11\s_11_7_string_view</Filter>
    </ClCompile>
    <ClCompile Include="s_11_7_string_view_ex_5.cpp">
      <Filter>Source Files\S11\s_11_7_string_view</Filter>
    </ClCompile>
    <ClCompile Include="s11_7_string_view_ex_6.cpp">
      <Filter>Source Files\S11\s_11_7_string_view</Filter>
    </ClCompile>
    <ClCompile Include="s_11_7_string_view_ex_7.cpp">
      <Filter>Source Files\S11\s_11_7_string_view</Filter>
    </ClCompile>
    <ClCompile Include="s_11_7_string_view_ex_8.cpp">
      <Filter>Source Files\S11\s_11_7_string_view</Filter>
    </ClCompile>
    <ClCompile Include="s_11_9_pointer_arithmetic_ex_1.cpp">
      <Filter>Source Files\S11\s_11_9_pointer_arithmetic</Filter>
    </ClCompile>
    <ClCompile Include="s_11_9_pointer_arithmetic_ex_2.cpp">
      <Filter>Source Files\S11\s_11_9_pointer_arithmetic</Filter>
    </ClCompile>
  </ItemGroup>
  <ItemGroup>
    <ClInclude Include="defineMain.h">
      <Filter>Header Files</Filter>
    </ClInclude>
    <ClInclude Include="geo_utils.h">
      <Filter>Header Files</Filter>
    </ClInclude>
    <ClInclude Include="geo_math.h">
      <Filter>Header Files</Filter>
    </ClInclude>
    <ClInclude Include="constants.h">
      <Filter>Source Files\S6\S6_Quiz_Exercises</Filter>
    </ClInclude>
    <ClInclude Include="s7_constants.h">
      <Filter>Source Files\S7\S7_Quiz_Exercises</Filter>
    </ClInclude>
  </ItemGroup>
</Project>